
Microsoft Visual Studio Solution File, Format Version 12.00
# Visual Studio Version 16
VisualStudioVersion = 16.0.28803.202
MinimumVisualStudioVersion = 10.0.40219.1
Project("{FAE04EC0-301F-11D3-BF4B-00C04F79EFBC}") = "LinqApp06", "LinqApp06\LinqApp06.csproj", "{CCF61E4C-CB49-4589-AE0C-71E079819F92}"
EndProject
Global
	GlobalSection(SolutionConfigurationPlatforms) = preSolution
		Debug|Any CPU = Debug|Any CPU
		Release|Any CPU = Release|Any CPU
	EndGlobalSection
	GlobalSection(ProjectConfigurationPlatforms) = postSolution
		{CCF61E4C-CB49-4589-AE0C-71E079819F92}.Debug|Any CPU.ActiveCfg = Debug|Any CPU
		{CCF61E4C-CB49-4589-AE0C-71E079819F92}.Debug|Any CPU.Build.0 = Debug|Any CPU
		{CCF61E4C-CB49-4589-AE0C-71E079819F92}.Release|Any CPU.ActiveCfg = Release|Any CPU
		{CCF61E4C-CB49-4589-AE0C-71E079819F92}.Release|Any CPU.Build.0 = Release|Any CPU
	EndGlobalSection
	GlobalSection(SolutionProperties) = preSolution
		HideSolutionNode = FALSE
	EndGlobalSection
	GlobalSection(ExtensibilityGlobals) = postSolution
		SolutionGuid = {3957C9D8-40AA-4F94-BCC3-2C41A5879E46}
	EndGlobalSection
EndGlobal
